
Microsoft Visual Studio Solution File, Format Version 12.00
# Visual Studio Version 16
VisualStudioVersion = 16.0.31624.102
MinimumVisualStudioVersion = 10.0.40219.1
Project("{FAE04EC0-301F-11D3-BF4B-00C04F79EFBC}") = "ActivityLogger", "ActivityLogger\ActivityLogger.csproj", "{B4CBA4DD-CA16-431E-820D-17A7FDED4771}"
EndProject
Global
	GlobalSection(SolutionConfigurationPlatforms) = preSolution
		Debug|Any CPU = Debug|Any CPU
		Release|Any CPU = Release|Any CPU
	EndGlobalSection
	GlobalSection(ProjectConfigurationPlatforms) = postSolution
		{B4CBA4DD-CA16-431E-820D-17A7FDED4771}.Debug|Any CPU.ActiveCfg = Release|Any CPU
		{B4CBA4DD-CA16-431E-820D-17A7FDED4771}.Debug|Any CPU.Build.0 = Release|Any CPU
		{B4CBA4DD-CA16-431E-820D-17A7FDED4771}.Release|Any CPU.ActiveCfg = Release|Any CPU
		{B4CBA4DD-CA16-431E-820D-17A7FDED4771}.Release|Any CPU.Build.0 = Release|Any CPU
	EndGlobalSection
	GlobalSection(SolutionProperties) = preSolution
		HideSolutionNode = FALSE
	EndGlobalSection
	GlobalSection(ExtensibilityGlobals) = postSolution
		SolutionGuid = {6F9B4B62-AFC1-4706-BB52-ED6A003EA61D}
	EndGlobalSection
EndGlobal
